Microsoft Visual Studio Solution File, Format Version 11.00
# Visual Studio 2008

Project("{DEF36B72-6EFE-D529-B13B-A240DD331A12}") = "Pool", "Assembly-CSharp-firstpass.csproj", "{C150B961-44F1-6238-0B36-ABF4D5C7D57E}"
EndProject
Project("{DEF36B72-6EFE-D529-B13B-A240DD331A12}") = "Pool", "Assembly-CSharp.csproj", "{BB173FFD-51C8-175A-2D69-0009DD10609A}"
EndProject
Project("{DEF36B72-6EFE-D529-B13B-A240DD331A12}") = "Pool", "Assembly-CSharp-Editor.csproj", "{00FD0ADB-4153-BC57-B508-1068F80CCBF8}"
EndProject
Global
	GlobalSection(SolutionConfigurationPlatforms) = preSolution
		Debug|Any CPU = Debug|Any CPU
		Release|Any CPU = Release|Any CPU
	EndGlobalSection
	GlobalSection(ProjectConfigurationPlatforms) = postSolution
		{C150B961-44F1-6238-0B36-ABF4D5C7D57E}.Debug|Any CPU.ActiveCfg = Debug|Any CPU
		{C150B961-44F1-6238-0B36-ABF4D5C7D57E}.Debug|Any CPU.Build.0 = Debug|Any CPU
		{C150B961-44F1-6238-0B36-ABF4D5C7D57E}.Release|Any CPU.ActiveCfg = Release|Any CPU
		{C150B961-44F1-6238-0B36-ABF4D5C7D57E}.Release|Any CPU.Build.0 = Release|Any CPU
		{BB173FFD-51C8-175A-2D69-0009DD10609A}.Debug|Any CPU.ActiveCfg = Debug|Any CPU
		{BB173FFD-51C8-175A-2D69-0009DD10609A}.Debug|Any CPU.Build.0 = Debug|Any CPU
		{BB173FFD-51C8-175A-2D69-0009DD10609A}.Release|Any CPU.ActiveCfg = Release|Any CPU
		{BB173FFD-51C8-175A-2D69-0009DD10609A}.Release|Any CPU.Build.0 = Release|Any CPU
		{00FD0ADB-4153-BC57-B508-1068F80CCBF8}.Debug|Any CPU.ActiveCfg = Debug|Any CPU
		{00FD0ADB-4153-BC57-B508-1068F80CCBF8}.Debug|Any CPU.Build.0 = Debug|Any CPU
		{00FD0ADB-4153-BC57-B508-1068F80CCBF8}.Release|Any CPU.ActiveCfg = Release|Any CPU
		{00FD0ADB-4153-BC57-B508-1068F80CCBF8}.Release|Any CPU.Build.0 = Release|Any CPU
	EndGlobalSection
	GlobalSection(SolutionProperties) = preSolution
		HideSolutionNode = FALSE
	EndGlobalSection
																				GlobalSection(MonoDevelopProperties) = preSolution
		StartupItem = Assembly-CSharp.csproj
		Policies = $0
		$0.TextStylePolicy = $1
		$1.inheritsSet = null
		$1.scope = text/x-csharp
		$0.CSharpFormattingPolicy = $2
		$2.inheritsSet = Mono
		$2.inheritsScope = text/x-csharp
		$2.scope = text/x-csharp
		$0.TextStylePolicy = $3
		$3.FileWidth = 120
		$3.TabWidth = 4
		$3.IndentWidth = 4
		$3.EolMarker = Unix
		$3.inheritsSet = Mono
		$3.inheritsScope = text/plain
		$3.scope = text/plain
	EndGlobalSection

EndGlobal
